{
    "format_version": "1.1",
    "terraform_version": "1.4.5",
    "planned_values": {
        "root_module": {
            "resources": [
                {
                    "address": "aws_elasticsearch_domain.datahub",
                    "mode": "managed",
                    "type": "aws_elasticsearch_domain",
                    "name": "datahub",
                    "provider_name": "registry.terraform.io/hashicorp/aws",
                    "schema_version": 0,
                    "values": {
                        "advanced_security_options": [
                            {
                                "enabled": true,
                                "internal_user_database_enabled": false,
                                "master_user_options": []
                            }
                        ],
                        "cognito_options": [],
                        "domain_name": "datahub",
                        "elasticsearch_version": "8.12",
                        "encrypt_at_rest": [
                            {
                                "enabled": true
                            }
                        ],
                        "log_publishing_options": [],
                        "snapshot_options": [],
                        "tags": null,
                        "timeouts": null,
                        "vpc_options": [
                            {
                                "subnet_ids": [
                                    "subnet-4af2ab2c",
                                    "subnet-e90423c8"
                                ]
                            }
                        ]
                    },
                    "sensitive_values": {
                        "advanced_options": {},
                        "advanced_security_options": [
                            {
                                "master_user_options": []
                            }
                        ],
                        "auto_tune_options": [],
                        "cluster_config": [],
                        "cognito_options": [],
                        "domain_endpoint_options": [],
                        "ebs_options": [],
                        "encrypt_at_rest": [
                            {}
                        ],
                        "log_publishing_options": [],
                        "node_to_node_encryption": [],
                        "snapshot_options": [],
                        "tags_all": {},
                        "vpc_options": [
                            {
                                "availability_zones": [],
                                "security_group_ids": [],
                                "subnet_ids": [
                                    false,
                                    false
                                ]
                            }
                        ]
                    }
                },
                {
                    "address": "aws_iam_service_linked_role.this",
                    "mode": "managed",
                    "type": "aws_iam_service_linked_role",
                    "name": "this",
                    "provider_name": "registry.terraform.io/hashicorp/aws",
                    "schema_version": 0,
                    "values": {
                        "aws_service_name": "opensearchservice.amazonaws.com",
                        "custom_suffix": null,
                        "description": null,
                        "tags": null
                    },
                    "sensitive_values": {
                        "tags_all": {}
                    }
                },
                {
                    "address": "aws_security_group.this",
                    "mode": "managed",
                    "type": "aws_security_group",
                    "name": "this",
                    "provider_name": "registry.terraform.io/hashicorp/aws",
                    "schema_version": 1,
                    "values": {
                        "description": "Managed by Terraform",
                        "ingress": [
                            {
                                "cidr_blocks": [
                                    "172.31.0.0/16"
                                ],
                                "description": "",
                                "from_port": 443,
                                "ipv6_cidr_blocks": [],
                                "prefix_list_ids": [],
                                "protocol": "tcp",
                                "security_groups": [],
                                "self": false,
                                "to_port": 443
                            }
                        ],
                        "name": "elasticsearch",
                        "revoke_rules_on_delete": false,
                        "tags": null,
                        "timeouts": null,
                        "vpc_id": "vpc-aa592cd7"
                    },
                    "sensitive_values": {
                        "egress": [],
                        "ingress": [
                            {
                                "cidr_blocks": [
                                    false
                                ],
                                "ipv6_cidr_blocks": [],
                                "prefix_list_ids": [],
                                "security_groups": []
                            }
                        ],
                        "tags_all": {}
                    }
                }
            ]
        }
    },
    "resource_changes": [
        {
            "address": "aws_elasticsearch_domain.datahub",
            "mode": "managed",
            "type": "aws_elasticsearch_domain",
            "name": "datahub",
            "provider_name": "registry.terraform.io/hashicorp/aws",
            "change": {
                "actions": [
                    "create"
                ],
                "before": null,
                "after": {
                    "advanced_security_options": [
                        {
                            "enabled": true,
                            "internal_user_database_enabled": false,
                            "master_user_options": []
                        }
                    ],
                    "cognito_options": [],
                    "domain_name": "datahub",
                    "elasticsearch_version": "8.12",
                    "encrypt_at_rest": [
                        {
                            "enabled": true
                        }
                    ],
                    "log_publishing_options": [],
                    "snapshot_options": [],
                    "tags": null,
                    "timeouts": null,
                    "vpc_options": [
                        {
                            "subnet_ids": [
                                "subnet-4af2ab2c",
                                "subnet-e90423c8"
                            ]
                        }
                    ]
                },
                "after_unknown": {
                    "access_policies": true,
                    "advanced_options": true,
                    "advanced_security_options": [
                        {
                            "master_user_options": []
                        }
                    ],
                    "arn": true,
                    "auto_tune_options": true,
                    "cluster_config": true,
                    "cognito_options": [],
                    "domain_endpoint_options": true,
                    "domain_id": true,
                    "ebs_options": true,
                    "encrypt_at_rest": [
                        {
                            "kms_key_id": true
                        }
                    ],
                    "endpoint": true,
                    "id": true,
                    "kibana_endpoint": true,
                    "log_publishing_options": [],
                    "node_to_node_encryption": true,
                    "snapshot_options": [],
                    "tags_all": true,
                    "vpc_options": [
                        {
                            "availability_zones": true,
                            "security_group_ids": true,
                            "subnet_ids": [
                                false,
                                false
                            ],
                            "vpc_id": true
                        }
                    ]
                },
                "before_sensitive": false,
                "after_sensitive": {
                    "advanced_options": {},
                    "advanced_security_options": [
                        {
                            "master_user_options": []
                        }
                    ],
                    "auto_tune_options": [],
                    "cluster_config": [],
                    "cognito_options": [],
                    "domain_endpoint_options": [],
                    "ebs_options": [],
                    "encrypt_at_rest": [
                        {}
                    ],
                    "log_publishing_options": [],
                    "node_to_node_encryption": [],
                    "snapshot_options": [],
                    "tags_all": {},
                    "vpc_options": [
                        {
                            "availability_zones": [],
                            "security_group_ids": [],
                            "subnet_ids": [
                                false,
                                false
                            ]
                        }
                    ]
                }
            }
        },
        {
            "address": "aws_iam_service_linked_role.this",
            "mode": "managed",
            "type": "aws_iam_service_linked_role",
            "name": "this",
            "provider_name": "registry.terraform.io/hashicorp/aws",
            "change": {
                "actions": [
                    "create"
                ],
                "before": null,
                "after": {
                    "aws_service_name": "opensearchservice.amazonaws.com",
                    "custom_suffix": null,
                    "description": null,
                    "tags": null
                },
                "after_unknown": {
                    "arn": true,
                    "create_date": true,
                    "id": true,
                    "name": true,
                    "path": true,
                    "tags_all": true,
                    "unique_id": true
                },
                "before_sensitive": false,
                "after_sensitive": {
                    "tags_all": {}
                }
            }
        },
        {
            "address": "aws_security_group.this",
            "mode": "managed",
            "type": "aws_security_group",
            "name": "this",
            "provider_name": "registry.terraform.io/hashicorp/aws",
            "change": {
                "actions": [
                    "create"
                ],
                "before": null,
                "after": {
                    "description": "Managed by Terraform",
                    "ingress": [
                        {
                            "cidr_blocks": [
                                "172.31.0.0/16"
                            ],
                            "description": "",
                            "from_port": 443,
                            "ipv6_cidr_blocks": [],
                            "prefix_list_ids": [],
                            "protocol": "tcp",
                            "security_groups": [],
                            "self": false,
                            "to_port": 443
                        }
                    ],
                    "name": "elasticsearch",
                    "revoke_rules_on_delete": false,
                    "tags": null,
                    "timeouts": null,
                    "vpc_id": "vpc-aa592cd7"
                },
                "after_unknown": {
                    "arn": true,
                    "egress": true,
                    "id": true,
                    "ingress": [
                        {
                            "cidr_blocks": [
                                false
                            ],
                            "ipv6_cidr_blocks": [],
                            "prefix_list_ids": [],
                            "security_groups": []
                        }
                    ],
                    "name_prefix": true,
                    "owner_id": true,
                    "tags_all": true
                },
                "before_sensitive": false,
                "after_sensitive": {
                    "egress": [],
                    "ingress": [
                        {
                            "cidr_blocks": [
                                false
                            ],
                            "ipv6_cidr_blocks": [],
                            "prefix_list_ids": [],
                            "security_groups": []
                        }
                    ],
                    "tags_all": {}
                }
            }
        }
    ],
    "prior_state": {
        "format_version": "1.0",
        "terraform_version": "1.4.5",
        "values": {
            "root_module": {
                "resources": [
                    {
                        "address": "data.aws_eks_cluster.this",
                        "mode": "data",
                        "type": "aws_eks_cluster",
                        "name": "this",
                        "provider_name": "registry.terraform.io/hashicorp/aws",
                        "schema_version": 0,
                        "values": {
                            "access_config": [
                                {
                                    "authentication_mode": "CONFIG_MAP"
                                }
                            ],
                            "arn": "arn:aws:eks:us-east-1:945415435124:cluster/travis-admission-controller",
                            "certificate_authority": [
                                {
                                    "data": "LS0tLS1CRUdJTiBDRVJUSUZJQ0FURS0tLS0tCk1JSUMvakNDQWVhZ0F3SUJBZ0lCQURBTkJna3Foa2lHOXcwQkFRc0ZBREFWTVJNd0VRWURWUVFERXdwcmRXSmwKY201bGRHVnpNQjRYRFRJek1EWXdNakUyTkRBeU9Gb1hEVE16TURVek1ERTJOREF5T0Zvd0ZURVRNQkVHQTFVRQpBeE1LYTNWaVpYSnVaWFJsY3pDQ0FTSXdEUVlKS29aSWh2Y05BUUVCQlFBRGdnRVBBRENDQVFvQ2dnRUJBTUFtCjNnSzlHVG5ORmZqSHdKY1FZenZMWTd3MklHN1pSNzNBUnVMYVhWd3FrM3dkR2szbDlTci9HUVFxcWRZOE52NGQKVVE2eHNsRUR2VUdYMGF5L0lhdlgvUVh0THpjTVJ0VVFqektOWVhpbTF5c0s4U2VQU0NUUXNoZDZmUlRoaXBURApSb0VxQVZmRU5QY2pYVmFVNExZVExWanJYV2VKWUF2a2FRc0hxN0doUTdzc1Z0c29ESVNmYzk4dFJteEgwbm4rCitMdHAxTjB1SmhTd29jYmQvaU9aRzBXL3lRWk5ocnM4dlcxZ1hSbGhqYnJnWlQ5OVpndS95VzFnV0dKMnZFaHYKRFc0bUYrQXhPekw3alpiQlFmRGtuQ2xaeFdmaVpqY1BTakdMcVdJakZoZWFxZEVCVndydlY1NUlxdjJTd01JVAoxNVQ5UXlZbnAzbFcwN0JSRjZzQ0F3RUFBYU5aTUZjd0RnWURWUjBQQVFIL0JBUURBZ0trTUE4R0ExVWRFd0VCCi93UUZNQU1CQWY4d0hRWURWUjBPQkJZRUZQTDFzRWg1bndYOGdYY2hoUGFVQW9wWTdFZEFNQlVHQTFVZEVRUU8KTUF5Q0NtdDFZbVZ5Ym1WMFpYTXdEUVlKS29aSWh2Y05BUUVMQlFBRGdnRUJBR2hDOFJEeXZYK2dYYVBHVzZ6SQpWQW1LRWVvL0EwMnoweHl2dTRlT0xPSnNVR3JqbWlZaElpUjFsL2VWQnVVMnZXU2ovdUNBZmZyWGlEa3lIUCtGCmVFQmRPblV4MFJwK1RETGNwODhacHhSMzc2VTl1ZjZiTGdKS1Jjc20wT2R0cldMRHZ6TTVONlZiQVJWY21CdEUKMTNGNHJKZU8zWTNtYnRpVzhoQll2cWVZWHg5cjJEYVBGd1R1Tm5hRWRQN1IzYWI5eEh2N0w4K0VtT0UrbDlYVQoyVGs1R1pBM2oybEFzQUZ5UXdPakhDOFNQNW5vZVZ0bWNqUTBjWEhoOU1lNHVGSE5ZNGx6dU1JQVMwUGsvZ2cxCk0vb2hUd2FuZmM4SmQwUlFuOVQvWFQySlc0UGUvZ2Y2T3pMSWdOWnZaS1JGNUJlSFpQb1g5M0M0bXo5TkVPelkKK3YwPQotLS0tLUVORCBDRVJUSUZJQ0FURS0tLS0tCg=="
                                }
                            ],
                            "cluster_id": null,
                            "created_at": "2023-06-02 16:34:26.322 +0000 UTC",
                            "enabled_cluster_log_types": [],
                            "endpoint": "https://5AFEB72BC220EB75F272DDF1DB233CC7.gr7.us-east-1.eks.amazonaws.com",
                            "id": "travis-admission-controller",
                            "identity": [
                                {
                                    "oidc": [
                                        {
                                            "issuer": "https://oidc.eks.us-east-1.amazonaws.com/id/5AFEB72BC220EB75F272DDF1DB233CC7"
                                        }
                                    ]
                                }
                            ],
                            "kubernetes_network_config": [
                                {
                                    "ip_family": "ipv4",
                                    "service_ipv4_cidr": "10.100.0.0/16",
                                    "service_ipv6_cidr": ""
                                }
                            ],
                            "name": "travis-admission-controller",
                            "outpost_config": [],
                            "platform_version": "eks.11",
                            "role_arn": "arn:aws:iam::945415435124:role/eksClusterRole",
                            "status": "ACTIVE",
                            "tags": {},
                            "version": "1.27",
                            "vpc_config": [
                                {
                                    "cluster_security_group_id": "sg-0be21db9f2c4fd10a",
                                    "endpoint_private_access": false,
                                    "endpoint_public_access": true,
                                    "public_access_cidrs": [
                                        "0.0.0.0/0"
                                    ],
                                    "security_group_ids": [
                                        "sg-735b986c"
                                    ],
                                    "subnet_ids": [
                                        "subnet-4af2ab2c",
                                        "subnet-e90423c8"
                                    ],
                                    "vpc_id": "vpc-aa592cd7"
                                }
                            ]
                        },
                        "sensitive_values": {
                            "access_config": [
                                {}
                            ],
                            "certificate_authority": [
                                {}
                            ],
                            "enabled_cluster_log_types": [],
                            "identity": [
                                {
                                    "oidc": [
                                        {}
                                    ]
                                }
                            ],
                            "kubernetes_network_config": [
                                {}
                            ],
                            "outpost_config": [],
                            "tags": {},
                            "vpc_config": [
                                {
                                    "public_access_cidrs": [
                                        false
                                    ],
                                    "security_group_ids": [
                                        false
                                    ],
                                    "subnet_ids": [
                                        false,
                                        false
                                    ]
                                }
                            ]
                        }
                    },
                    {
                        "address": "data.aws_vpc.this",
                        "mode": "data",
                        "type": "aws_vpc",
                        "name": "this",
                        "provider_name": "registry.terraform.io/hashicorp/aws",
                        "schema_version": 0,
                        "values": {
                            "arn": "arn:aws:ec2:us-east-1:945415435124:vpc/vpc-aa592cd7",
                            "cidr_block": "172.31.0.0/16",
                            "cidr_block_associations": [
                                {
                                    "association_id": "vpc-cidr-assoc-a7a3e5c8",
                                    "cidr_block": "172.31.0.0/16",
                                    "state": "associated"
                                }
                            ],
                            "default": true,
                            "dhcp_options_id": "dopt-3e2c3a44",
                            "enable_dns_hostnames": true,
                            "enable_dns_support": true,
                            "enable_network_address_usage_metrics": false,
                            "filter": null,
                            "id": "vpc-aa592cd7",
                            "instance_tenancy": "default",
                            "ipv6_association_id": "",
                            "ipv6_cidr_block": "",
                            "main_route_table_id": "rtb-49619138",
                            "owner_id": "945415435124",
                            "state": null,
                            "tags": {},
                            "timeouts": null
                        },
                        "sensitive_values": {
                            "cidr_block_associations": [
                                {}
                            ],
                            "tags": {}
                        }
                    }
                ]
            }
        }
    },
    "configuration": {
        "provider_config": {
            "aws": {
                "name": "aws",
                "full_name": "registry.terraform.io/hashicorp/aws"
            }
        },
        "root_module": {
            "resources": [
                {
                    "address": "aws_elasticsearch_domain.datahub",
                    "mode": "managed",
                    "type": "aws_elasticsearch_domain",
                    "name": "datahub",
                    "provider_config_key": "aws",
                    "expressions": {
                        "advanced_security_options": [
                            {
                                "enabled": {
                                    "constant_value": true
                                }
                            }
                        ],
                        "domain_name": {
                            "constant_value": "datahub"
                        },
                        "elasticsearch_version": {
                            "constant_value": "8.12"
                        },
                        "encrypt_at_rest": [
                            {
                                "enabled": {
                                    "constant_value": true
                                }
                            }
                        ],
                        "vpc_options": [
                            {
                                "security_group_ids": {
                                    "references": [
                                        "aws_security_group.this.id",
                                        "aws_security_group.this"
                                    ]
                                },
                                "subnet_ids": {
                                    "references": [
                                        "data.aws_eks_cluster.this.vpc_config[0].subnet_ids",
                                        "data.aws_eks_cluster.this.vpc_config[0]",
                                        "data.aws_eks_cluster.this.vpc_config",
                                        "data.aws_eks_cluster.this"
                                    ]
                                }
                            }
                        ]
                    },
                    "schema_version": 0,
                    "depends_on": [
                        "aws_iam_service_linked_role.this"
                    ]
                },
                {
                    "address": "aws_iam_service_linked_role.this",
                    "mode": "managed",
                    "type": "aws_iam_service_linked_role",
                    "name": "this",
                    "provider_config_key": "aws",
                    "expressions": {
                        "aws_service_name": {
                            "constant_value": "opensearchservice.amazonaws.com"
                        }
                    },
                    "schema_version": 0
                },
                {
                    "address": "aws_security_group.this",
                    "mode": "managed",
                    "type": "aws_security_group",
                    "name": "this",
                    "provider_config_key": "aws",
                    "expressions": {
                        "description": {
                            "constant_value": "Managed by Terraform"
                        },
                        "ingress": {
                            "references": [
                                "data.aws_vpc.this.cidr_block",
                                "data.aws_vpc.this"
                            ]
                        },
                        "name": {
                            "constant_value": "elasticsearch"
                        },
                        "vpc_id": {
                            "references": [
                                "data.aws_vpc.this.id",
                                "data.aws_vpc.this"
                            ]
                        }
                    },
                    "schema_version": 1
                },
                {
                    "address": "data.aws_eks_cluster.this",
                    "mode": "data",
                    "type": "aws_eks_cluster",
                    "name": "this",
                    "provider_config_key": "aws",
                    "expressions": {
                        "name": {
                            "constant_value": "travis-admission-controller"
                        }
                    },
                    "schema_version": 0
                },
                {
                    "address": "data.aws_vpc.this",
                    "mode": "data",
                    "type": "aws_vpc",
                    "name": "this",
                    "provider_config_key": "aws",
                    "expressions": {
                        "id": {
                            "references": [
                                "data.aws_eks_cluster.this.vpc_config[0].vpc_id",
                                "data.aws_eks_cluster.this.vpc_config[0]",
                                "data.aws_eks_cluster.this.vpc_config",
                                "data.aws_eks_cluster.this"
                            ]
                        }
                    },
                    "schema_version": 0
                }
            ]
        }
    },
    "relevant_attributes": [
        {
            "resource": "data.aws_vpc.this",
            "attribute": [
                "id"
            ]
        },
        {
            "resource": "data.aws_vpc.this",
            "attribute": [
                "cidr_block"
            ]
        },
        {
            "resource": "aws_security_group.this",
            "attribute": [
                "id"
            ]
        },
        {
            "resource": "data.aws_eks_cluster.this",
            "attribute": [
                "vpc_config",
                0,
                "subnet_ids"
            ]
        },
        {
            "resource": "data.aws_eks_cluster.this",
            "attribute": [
                "vpc_config",
                0,
                "vpc_id"
            ]
        }
    ]
}