{
    "name": "Prime Car Dealer App",
    "version": "1.0.0",
    "lockfileVersion": 3,
    "requires": true,
    "packages": {
        "": {
            "name": "Prime Car Dealer App",
            "version": "1.0.0",
            "dependencies": {
                "consolidate": "^1.0.3",
                "express": "3.1.1",
                "mockery": "1.0.1",
                "mustache": "^4"
            }
        },
        "node_modules/buffer-crc32": {
            "version": "0.2.13",
            "resolved": "https://registry.npmjs.org/buffer-crc32/-/buffer-crc32-0.2.13.tgz",
            "integrity": "sha512-VO9Ht/+p3SN7SKWqcrgEzjGbRSJYTx+Q1pTQC0wrWqHx0vpJraQ6GtHx8tvcg1rlK1byhU5gccxgOgj7B0TDkQ==",
            "license": "MIT",
            "engines": {
                "node": "*"
            }
        },
        "node_modules/bytes": {
            "version": "0.2.0",
            "resolved": "https://registry.npmjs.org/bytes/-/bytes-0.2.0.tgz",
            "integrity": "sha512-qH6XVfDizpXcxZisRfVo6rtnGQC2EoF88+p29KDyGN/0VQXFJ+ot8pkYiD673sUgeTirO42UVBitFOFzjVOIrQ=="
        },
        "node_modules/commander": {
            "version": "0.6.1",
            "resolved": "https://registry.npmjs.org/commander/-/commander-0.6.1.tgz",
            "integrity": "sha512-0fLycpl1UMTGX257hRsu/arL/cUbcvQM4zMKwvLvzXtfdezIV4yotPS2dYtknF+NmEfWSoCEF6+hj9XLm/6hEw==",
            "engines": {
                "node": ">= 0.4.x"
            }
        },
        "node_modules/connect": {
            "version": "2.7.4",
            "resolved": "https://registry.npmjs.org/connect/-/connect-2.7.4.tgz",
            "integrity": "sha512-K8dOxeldbKBHtSjlHrAsRmOdPL9emmp7DvX6eLbm+CgXBKnINA+gXbbly/8rfejJ43LDweiEE2xmOvzhDb68Vg==",
            "deprecated": "connect 2.x series is deprecated",
            "dependencies": {
                "buffer-crc32": "0.1.1",
                "bytes": "0.2.0",
                "cookie": "0.0.5",
                "cookie-signature": "0.0.1",
                "debug": "*",
                "formidable": "1.0.11",
                "fresh": "0.1.0",
                "pause": "0.0.1",
                "qs": "0.5.1",
                "send": "0.1.0"
            },
            "engines": {
                "node": ">= 0.5.0"
            }
        },
        "node_modules/connect/node_modules/buffer-crc32": {
            "version": "0.1.1",
            "resolved": "https://registry.npmjs.org/buffer-crc32/-/buffer-crc32-0.1.1.tgz",
            "integrity": "sha512-UsRYbAdoR39JogmdI9AeZFQrmf0aqdPOzNLh5NR7GBdGNwxXW4eKqUvgZ+B9ImebovILBxiqSnoX9BfNRsh9bA==",
            "engines": {
                "node": "*"
            }
        },
        "node_modules/consolidate": {
            "version": "1.0.3",
            "resolved": "https://registry.npmjs.org/consolidate/-/consolidate-1.0.3.tgz",
            "integrity": "sha512-gxeWOO+IvYrJ3Wv/6RYQhTeBm0/lqXW+mzn86ziZf2CwPnIz/7Z5oL3lPKXm24ntiXyX9byBzMEOA14mVgWG8A==",
            "license": "MIT",
            "engines": {
                "node": ">=14"
            },
            "peerDependencies": {
                "@babel/core": "^7.22.5",
                "arc-templates": "^0.5.3",
                "atpl": ">=0.7.6",
                "bracket-template": "^1.1.5",
                "coffee-script": "^1.12.7",
                "dot": "^1.1.3",
                "dust": "^0.3.0",
                "dustjs-helpers": "^1.7.4",
                "dustjs-linkedin": "^2.7.5",
                "eco": "^1.1.0-rc-3",
                "ect": "^0.5.9",
                "ejs": "^3.1.5",
                "haml-coffee": "^1.14.1",
                "hamlet": "^0.3.3",
                "hamljs": "^0.6.2",
                "handlebars": "^4.7.6",
                "hogan.js": "^3.0.2",
                "htmling": "^0.0.8",
                "jazz": "^0.0.18",
                "jqtpl": "~1.1.0",
                "just": "^0.1.8",
                "liquid-node": "^3.0.1",
                "liquor": "^0.0.5",
                "lodash": "^4.17.20",
                "mote": "^0.2.0",
                "mustache": "^4.0.1",
                "nunjucks": "^3.2.2",
                "plates": "~0.4.11",
                "pug": "^3.0.0",
                "qejs": "^3.0.5",
                "ractive": "^1.3.12",
                "react": ">=16.13.1",
                "react-dom": ">=16.13.1",
                "slm": "^2.0.0",
                "swig": "^1.4.2",
                "swig-templates": "^2.0.3",
                "teacup": "^2.0.0",
                "templayed": ">=0.2.3",
                "then-pug": "*",
                "tinyliquid": "^0.2.34",
                "toffee": "^0.3.6",
                "twig": "^1.15.2",
                "twing": "^5.0.2",
                "underscore": "^1.11.0",
                "vash": "^0.13.0",
                "velocityjs": "^2.0.1",
                "walrus": "^0.10.1",
                "whiskers": "^0.4.0"
            },
            "peerDependenciesMeta": {
                "@babel/core": {
                    "optional": true
                },
                "arc-templates": {
                    "optional": true
                },
                "atpl": {
                    "optional": true
                },
                "bracket-template": {
                    "optional": true
                },
                "coffee-script": {
                    "optional": true
                },
                "dot": {
                    "optional": true
                },
                "dust": {
                    "optional": true
                },
                "dustjs-helpers": {
                    "optional": true
                },
                "dustjs-linkedin": {
                    "optional": true
                },
                "eco": {
                    "optional": true
                },
                "ect": {
                    "optional": true
                },
                "ejs": {
                    "optional": true
                },
                "haml-coffee": {
                    "optional": true
                },
                "hamlet": {
                    "optional": true
                },
                "hamljs": {
                    "optional": true
                },
                "handlebars": {
                    "optional": true
                },
                "hogan.js": {
                    "optional": true
                },
                "htmling": {
                    "optional": true
                },
                "jazz": {
                    "optional": true
                },
                "jqtpl": {
                    "optional": true
                },
                "just": {
                    "optional": true
                },
                "liquid-node": {
                    "optional": true
                },
                "liquor": {
                    "optional": true
                },
                "lodash": {
                    "optional": true
                },
                "mote": {
                    "optional": true
                },
                "mustache": {
                    "optional": true
                },
                "nunjucks": {
                    "optional": true
                },
                "plates": {
                    "optional": true
                },
                "pug": {
                    "optional": true
                },
                "qejs": {
                    "optional": true
                },
                "ractive": {
                    "optional": true
                },
                "react": {
                    "optional": true
                },
                "react-dom": {
                    "optional": true
                },
                "slm": {
                    "optional": true
                },
                "swig": {
                    "optional": true
                },
                "swig-templates": {
                    "optional": true
                },
                "teacup": {
                    "optional": true
                },
                "templayed": {
                    "optional": true
                },
                "then-pug": {
                    "optional": true
                },
                "tinyliquid": {
                    "optional": true
                },
                "toffee": {
                    "optional": true
                },
                "twig": {
                    "optional": true
                },
                "twing": {
                    "optional": true
                },
                "underscore": {
                    "optional": true
                },
                "vash": {
                    "optional": true
                },
                "velocityjs": {
                    "optional": true
                },
                "walrus": {
                    "optional": true
                },
                "whiskers": {
                    "optional": true
                }
            }
        },
        "node_modules/cookie": {
            "version": "0.0.5",
            "resolved": "https://registry.npmjs.org/cookie/-/cookie-0.0.5.tgz",
            "integrity": "sha512-STLsAHdtBDF5GJiPHc4sdfX5qzri6bcSxdSlW/o4IYJAA5yZxh3ZZsvctsKRNbhpP328sN+A2EjOF9vcW/LhdQ==",
            "engines": {
                "node": "*"
            }
        },
        "node_modules/cookie-signature": {
            "version": "0.0.1",
            "resolved": "https://registry.npmjs.org/cookie-signature/-/cookie-signature-0.0.1.tgz",
            "integrity": "sha512-cF3ACWE4MpShxO2sKb6TtB4wHIn2DsO83K1DNhukqVd5PhYwxLLqHvkrcvHpIpPJ0ow8pqSO36gwL4viDq9edA=="
        },
        "node_modules/debug": {
            "version": "4.3.5",
            "resolved": "https://registry.npmjs.org/debug/-/debug-4.3.5.tgz",
            "integrity": "sha512-pt0bNEmneDIvdL1Xsd9oDQ/wrQRkXDT4AUWlNZNPKvW5x/jyO9VFXkJUP07vQ2upmw5PlaITaPKc31jK13V+jg==",
            "license": "MIT",
            "dependencies": {
                "ms": "2.1.2"
            },
            "engines": {
                "node": ">=6.0"
            },
            "peerDependenciesMeta": {
                "supports-color": {
                    "optional": true
                }
            }
        },
        "node_modules/express": {
            "version": "3.1.1",
            "resolved": "https://registry.npmjs.org/express/-/express-3.1.1.tgz",
            "integrity": "sha512-fbKtqXcyQ+44AGXCK8lO/nd+RdCsSwtBgqvni334jpJARst9Xba9k90Ipe74a8C4/VM4kcE7fcZgSLNq88Pcig==",
            "dependencies": {
                "buffer-crc32": "~0.2.1",
                "commander": "0.6.1",
                "connect": "2.7.4",
                "cookie": "0.0.5",
                "cookie-signature": "0.0.1",
                "debug": "*",
                "fresh": "0.1.0",
                "methods": "0.0.1",
                "mkdirp": "~0.3.4",
                "range-parser": "0.0.4",
                "send": "0.1.0"
            },
            "bin": {
                "express": "bin/express"
            },
            "engines": {
                "node": "*"
            }
        },
        "node_modules/formidable": {
            "version": "1.0.11",
            "resolved": "https://registry.npmjs.org/formidable/-/formidable-1.0.11.tgz",
            "integrity": "sha512-ZG3xz6afuCmpLGNtTI/W8HDKWisPv/iZgtEvfB1nF3vJHDJ2M4hpU/HDLJQYnTVqErpaLphweqOMULwP/Ls6cg==",
            "deprecated": "Please upgrade to latest, formidable@v2 or formidable@v3! Check these notes: https://bit.ly/2ZEqIau",
            "engines": {
                "node": "*"
            }
        },
        "node_modules/fresh": {
            "version": "0.1.0",
            "resolved": "https://registry.npmjs.org/fresh/-/fresh-0.1.0.tgz",
            "integrity": "sha512-ROG9M8tikYOuOJsvRBggh10WiQ/JebnldAwuCaQyFoiAUIE9XrYVnpznIjOQGZfCMzxzEBYHQr/LHJp3tcndzQ==",
            "engines": {
                "node": "*"
            }
        },
        "node_modules/methods": {
            "version": "0.0.1",
            "resolved": "https://registry.npmjs.org/methods/-/methods-0.0.1.tgz",
            "integrity": "sha512-pB8oFfci/xcfUgM6DTxc7lbTKifPPgs3mZUOsEgaH+1TTWpmcmv3sHl+5sUHIj2X2W8aPYa2+nJealRHK+Lo6A==",
            "license": "MIT"
        },
        "node_modules/mime": {
            "version": "1.2.6",
            "resolved": "https://registry.npmjs.org/mime/-/mime-1.2.6.tgz",
            "integrity": "sha512-S4yfg1ehMduQ5F3NeTUUWJesnut4RvymaRSatO4etOm68yZE98oCg2GtgG0coGYx03GCv240sezMvRwFk8DUKw==",
            "engines": {
                "node": "*"
            }
        },
        "node_modules/mkdirp": {
            "version": "0.3.5",
            "resolved": "https://registry.npmjs.org/mkdirp/-/mkdirp-0.3.5.tgz",
            "integrity": "sha512-8OCq0De/h9ZxseqzCH8Kw/Filf5pF/vMI6+BH7Lu0jXz2pqYCjTAQRolSxRIi+Ax+oCCjlxoJMP0YQ4XlrQNHg==",
            "deprecated": "Legacy versions of mkdirp are no longer supported. Please update to mkdirp 1.x. (Note that the API surface has changed to use Promises in 1.x.)",
            "license": "MIT"
        },
        "node_modules/mockery": {
            "version": "1.0.1",
            "resolved": "https://registry.npmjs.org/mockery/-/mockery-1.0.1.tgz",
            "integrity": "sha512-ik6dUUX91E1TClgvasdD4WD9yv9GuVL6ZpTlK/7VjnP/ajJBx6dMYdkrHrzU3d9DGir5M0PEjL/NOlPBAfgbxA==",
            "engines": {
                "node": ">=0.4.5"
            }
        },
        "node_modules/ms": {
            "version": "2.1.2",
            "resolved": "https://registry.npmjs.org/ms/-/ms-2.1.2.tgz",
            "integrity": "sha512-sGkPx+VjMtmA6MX27oA4FBFELFCZZ4S4XqeGOXCv68tT+jb3vk/RyaKWP0PTKyWtmLSM0b+adUTEvbs1PEaH2w==",
            "license": "MIT"
        },
        "node_modules/mustache": {
            "version": "4.2.0",
            "resolved": "https://registry.npmjs.org/mustache/-/mustache-4.2.0.tgz",
            "integrity": "sha512-71ippSywq5Yb7/tVYyGbkBggbU8H3u5Rz56fH60jGFgr8uHwxs+aSKeqmluIVzM0m0kB7xQjKS6qPfd0b2ZoqQ==",
            "license": "MIT",
            "bin": {
                "mustache": "bin/mustache"
            }
        },
        "node_modules/pause": {
            "version": "0.0.1",
            "resolved": "https://registry.npmjs.org/pause/-/pause-0.0.1.tgz",
            "integrity": "sha512-KG8UEiEVkR3wGEb4m5yZkVCzigAD+cVEJck2CzYZO37ZGJfctvVptVO192MwrtPhzONn6go8ylnOdMhKqi4nfg=="
        },
        "node_modules/qs": {
            "version": "0.5.1",
            "resolved": "https://registry.npmjs.org/qs/-/qs-0.5.1.tgz",
            "integrity": "sha512-1NhhAEZMTI+2tQrOAGFlS1HFmKCcI9mvsysUbfqvvz6ObXwxCvPuAqzD+5LYBbEfjrdSOakWzaZx4wFPnND+xA==",
            "engines": {
                "node": "*"
            }
        },
        "node_modules/range-parser": {
            "version": "0.0.4",
            "resolved": "https://registry.npmjs.org/range-parser/-/range-parser-0.0.4.tgz",
            "integrity": "sha512-okJVEq9DbZyg+5lD8pr6ooQmeA0uu8DYIyAU7VK1WUUK7hctI1yw2ZHhKiKjB6RXaDrYRmTR4SsIHkyiQpaLMA==",
            "engines": {
                "node": "*"
            }
        },
        "node_modules/send": {
            "version": "0.1.0",
            "resolved": "https://registry.npmjs.org/send/-/send-0.1.0.tgz",
            "integrity": "sha512-D/GaJQQYx7ICNq9Te5V4wHetfDQdFk3HJ4oBfDUBNW7XQmLbJ8sQDm/wFvVUUpKN8tluOnO1dFdM8KODn6D79w==",
            "dependencies": {
                "debug": "*",
                "fresh": "0.1.0",
                "mime": "1.2.6",
                "range-parser": "0.0.4"
            }
        }
    }
}